
Microsoft Visual Studio Solution File, Format Version 12.00
# Visual Studio Version 16
VisualStudioVersion = 16.0.32510.428
MinimumVisualStudioVersion = 10.0.40219.1
Project("{FAE04EC0-301F-11D3-BF4B-00C04F79EFBC}") = "DailyReport", "DailyReport\DailyReport.csproj", "{6B0A3579-0C8E-428E-BC50-E8A8C14A5056}"
EndProject
Global
	GlobalSection(SolutionConfigurationPlatforms) = preSolution
		Debug|Any CPU = Debug|Any CPU
		Release|Any CPU = Release|Any CPU
	EndGlobalSection
	GlobalSection(ProjectConfigurationPlatforms) = postSolution
		{6B0A3579-0C8E-428E-BC50-E8A8C14A5056}.Debug|Any CPU.ActiveCfg = Debug|Any CPU
		{6B0A3579-0C8E-428E-BC50-E8A8C14A5056}.Debug|Any CPU.Build.0 = Debug|Any CPU
		{6B0A3579-0C8E-428E-BC50-E8A8C14A5056}.Release|Any CPU.ActiveCfg = Release|Any CPU
		{6B0A3579-0C8E-428E-BC50-E8A8C14A5056}.Release|Any CPU.Build.0 = Release|Any CPU
	EndGlobalSection
	GlobalSection(SolutionProperties) = preSolution
		HideSolutionNode = FALSE
	EndGlobalSection
	GlobalSection(ExtensibilityGlobals) = postSolution
		SolutionGuid = {068B4028-FF3A-4C47-88AC-F1591E5E263F}
	EndGlobalSection
EndGlobal
