
Microsoft Visual Studio Solution File, Format Version 12.00
# Visual Studio Version 16
VisualStudioVersion = 16.0.32510.428
MinimumVisualStudioVersion = 10.0.40219.1
Project("{FAE04EC0-301F-11D3-BF4B-00C04F79EFBC}") = "NamedParameters", "NamedParameters\NamedParameters.csproj", "{9154E061-C605-42AE-809D-C6D84FAC5CF6}"
EndProject
Global
	GlobalSection(SolutionConfigurationPlatforms) = preSolution
		Debug|Any CPU = Debug|Any CPU
		Release|Any CPU = Release|Any CPU
	EndGlobalSection
	GlobalSection(ProjectConfigurationPlatforms) = postSolution
		{9154E061-C605-42AE-809D-C6D84FAC5CF6}.Debug|Any CPU.ActiveCfg = Debug|Any CPU
		{9154E061-C605-42AE-809D-C6D84FAC5CF6}.Debug|Any CPU.Build.0 = Debug|Any CPU
		{9154E061-C605-42AE-809D-C6D84FAC5CF6}.Release|Any CPU.ActiveCfg = Release|Any CPU
		{9154E061-C605-42AE-809D-C6D84FAC5CF6}.Release|Any CPU.Build.0 = Release|Any CPU
	EndGlobalSection
	GlobalSection(SolutionProperties) = preSolution
		HideSolutionNode = FALSE
	EndGlobalSection
	GlobalSection(ExtensibilityGlobals) = postSolution
		SolutionGuid = {51C333D2-6B4D-4350-A422-BD2C10CD9DB3}
	EndGlobalSection
EndGlobal
