
Microsoft Visual Studio Solution File, Format Version 12.00
# Visual Studio Version 16
VisualStudioVersion = 16.0.32510.428
MinimumVisualStudioVersion = 10.0.40219.1
Project("{FAE04EC0-301F-11D3-BF4B-00C04F79EFBC}") = "Exceptions", "Exceptions\Exceptions.csproj", "{CA58CB01-7D56-48E5-AC86-91FDB0D2E414}"
EndProject
Global
	GlobalSection(SolutionConfigurationPlatforms) = preSolution
		Debug|Any CPU = Debug|Any CPU
		Release|Any CPU = Release|Any CPU
	EndGlobalSection
	GlobalSection(ProjectConfigurationPlatforms) = postSolution
		{CA58CB01-7D56-48E5-AC86-91FDB0D2E414}.Debug|Any CPU.ActiveCfg = Debug|Any CPU
		{CA58CB01-7D56-48E5-AC86-91FDB0D2E414}.Debug|Any CPU.Build.0 = Debug|Any CPU
		{CA58CB01-7D56-48E5-AC86-91FDB0D2E414}.Release|Any CPU.ActiveCfg = Release|Any CPU
		{CA58CB01-7D56-48E5-AC86-91FDB0D2E414}.Release|Any CPU.Build.0 = Release|Any CPU
	EndGlobalSection
	GlobalSection(SolutionProperties) = preSolution
		HideSolutionNode = FALSE
	EndGlobalSection
	GlobalSection(ExtensibilityGlobals) = postSolution
		SolutionGuid = {CDC5963C-5D6D-4FE5-BF1B-068E14C16A7F}
	EndGlobalSection
EndGlobal
