
Microsoft Visual Studio Solution File, Format Version 12.00
# Visual Studio Version 16
VisualStudioVersion = 16.0.32510.428
MinimumVisualStudioVersion = 10.0.40219.1
Project("{FAE04EC0-301F-11D3-BF4B-00C04F79EFBC}") = "Overloaded", "Overloaded\Overloaded.csproj", "{225DC826-9EA4-46B2-84C3-35D2A4302A2E}"
EndProject
Global
	GlobalSection(SolutionConfigurationPlatforms) = preSolution
		Debug|Any CPU = Debug|Any CPU
		Release|Any CPU = Release|Any CPU
	EndGlobalSection
	GlobalSection(ProjectConfigurationPlatforms) = postSolution
		{225DC826-9EA4-46B2-84C3-35D2A4302A2E}.Debug|Any CPU.ActiveCfg = Debug|Any CPU
		{225DC826-9EA4-46B2-84C3-35D2A4302A2E}.Debug|Any CPU.Build.0 = Debug|Any CPU
		{225DC826-9EA4-46B2-84C3-35D2A4302A2E}.Release|Any CPU.ActiveCfg = Release|Any CPU
		{225DC826-9EA4-46B2-84C3-35D2A4302A2E}.Release|Any CPU.Build.0 = Release|Any CPU
	EndGlobalSection
	GlobalSection(SolutionProperties) = preSolution
		HideSolutionNode = FALSE
	EndGlobalSection
	GlobalSection(ExtensibilityGlobals) = postSolution
		SolutionGuid = {BD5A2386-10F0-4E11-A8F4-2125F266D26F}
	EndGlobalSection
EndGlobal
